
Microsoft Visual Studio Solution File, Format Version 12.00
# Visual Studio Version 17
VisualStudioVersion = 17.3.32922.545
MinimumVisualStudioVersion = 10.0.40219.1
Project("{2150E333-8FDC-42A3-9474-1A3956D46DE8}") = "WebAPI.DAL", "WebAPI.DAL", "{5033CE41-9374-4266-80C5-FD28F93EE0CE}"
EndProject
Project("{2150E333-8FDC-42A3-9474-1A3956D46DE8}") = "WebAPI.Service", "WebAPI.Service", "{E027C661-2F21-42A9-BC67-2B85A7CE0666}"
EndProject
Project("{2150E333-8FDC-42A3-9474-1A3956D46DE8}") = "WebAPI.Domain", "WebAPI.Domain", "{F3149BBC-207A-44BD-9D52-2A228A50DDD0}"
EndProject
Project("{2150E333-8FDC-42A3-9474-1A3956D46DE8}") = "WebAPI", "WebAPI", "{903A9212-E46B-4391-824C-9D00400CFC16}"
EndProject
Project("{9A19103F-16F7-4668-BE54-9A1E7A4F7556}") = "Domain", "Domain\Domain.csproj", "{D266F115-64A8-4958-99D7-AF376C8346CE}"
EndProject
Project("{9A19103F-16F7-4668-BE54-9A1E7A4F7556}") = "Service", "Service\Service.csproj", "{B48FE47C-B1F6-4487-9379-52E261693730}"
EndProject
Project("{9A19103F-16F7-4668-BE54-9A1E7A4F7556}") = "DAL", "DAL\DAL.csproj", "{1E256BCB-1E1B-4B69-B594-C40A6C84150C}"
EndProject
Project("{9A19103F-16F7-4668-BE54-9A1E7A4F7556}") = "WebAPI", "WebAPI\WebAPI.csproj", "{651EB14F-8C0C-43F2-9236-A67A04E03D9F}"
EndProject
Project("{2150E333-8FDC-42A3-9474-1A3956D46DE8}") = "WebAPI.Tests", "WebAPI.Tests", "{3CB2BC59-8C9A-4268-8500-472EE84358AF}"
EndProject
Project("{9A19103F-16F7-4668-BE54-9A1E7A4F7556}") = "Services.NUnitTests", "Srvices.NUnitTests\Services.NUnitTests.csproj", "{FB2804F8-4AB1-478D-AAD9-006CE664D9A6}"
EndProject
Global
	GlobalSection(SolutionConfigurationPlatforms) = preSolution
		Debug|Any CPU = Debug|Any CPU
		Release|Any CPU = Release|Any CPU
	EndGlobalSection
	GlobalSection(ProjectConfigurationPlatforms) = postSolution
		{D266F115-64A8-4958-99D7-AF376C8346CE}.Debug|Any CPU.ActiveCfg = Debug|Any CPU
		{D266F115-64A8-4958-99D7-AF376C8346CE}.Debug|Any CPU.Build.0 = Debug|Any CPU
		{D266F115-64A8-4958-99D7-AF376C8346CE}.Release|Any CPU.ActiveCfg = Release|Any CPU
		{D266F115-64A8-4958-99D7-AF376C8346CE}.Release|Any CPU.Build.0 = Release|Any CPU
		{B48FE47C-B1F6-4487-9379-52E261693730}.Debug|Any CPU.ActiveCfg = Debug|Any CPU
		{B48FE47C-B1F6-4487-9379-52E261693730}.Debug|Any CPU.Build.0 = Debug|Any CPU
		{B48FE47C-B1F6-4487-9379-52E261693730}.Release|Any CPU.ActiveCfg = Release|Any CPU
		{B48FE47C-B1F6-4487-9379-52E261693730}.Release|Any CPU.Build.0 = Release|Any CPU
		{1E256BCB-1E1B-4B69-B594-C40A6C84150C}.Debug|Any CPU.ActiveCfg = Debug|Any CPU
		{1E256BCB-1E1B-4B69-B594-C40A6C84150C}.Debug|Any CPU.Build.0 = Debug|Any CPU
		{1E256BCB-1E1B-4B69-B594-C40A6C84150C}.Release|Any CPU.ActiveCfg = Release|Any CPU
		{1E256BCB-1E1B-4B69-B594-C40A6C84150C}.Release|Any CPU.Build.0 = Release|Any CPU
		{651EB14F-8C0C-43F2-9236-A67A04E03D9F}.Debug|Any CPU.ActiveCfg = Debug|Any CPU
		{651EB14F-8C0C-43F2-9236-A67A04E03D9F}.Debug|Any CPU.Build.0 = Debug|Any CPU
		{651EB14F-8C0C-43F2-9236-A67A04E03D9F}.Release|Any CPU.ActiveCfg = Release|Any CPU
		{651EB14F-8C0C-43F2-9236-A67A04E03D9F}.Release|Any CPU.Build.0 = Release|Any CPU
		{FB2804F8-4AB1-478D-AAD9-006CE664D9A6}.Debug|Any CPU.ActiveCfg = Debug|Any CPU
		{FB2804F8-4AB1-478D-AAD9-006CE664D9A6}.Debug|Any CPU.Build.0 = Debug|Any CPU
		{FB2804F8-4AB1-478D-AAD9-006CE664D9A6}.Release|Any CPU.ActiveCfg = Release|Any CPU
		{FB2804F8-4AB1-478D-AAD9-006CE664D9A6}.Release|Any CPU.Build.0 = Release|Any CPU
	EndGlobalSection
	GlobalSection(SolutionProperties) = preSolution
		HideSolutionNode = FALSE
	EndGlobalSection
	GlobalSection(NestedProjects) = preSolution
		{D266F115-64A8-4958-99D7-AF376C8346CE} = {F3149BBC-207A-44BD-9D52-2A228A50DDD0}
		{B48FE47C-B1F6-4487-9379-52E261693730} = {E027C661-2F21-42A9-BC67-2B85A7CE0666}
		{1E256BCB-1E1B-4B69-B594-C40A6C84150C} = {5033CE41-9374-4266-80C5-FD28F93EE0CE}
		{651EB14F-8C0C-43F2-9236-A67A04E03D9F} = {903A9212-E46B-4391-824C-9D00400CFC16}
		{FB2804F8-4AB1-478D-AAD9-006CE664D9A6} = {3CB2BC59-8C9A-4268-8500-472EE84358AF}
	EndGlobalSection
	GlobalSection(ExtensibilityGlobals) = postSolution
		SolutionGuid = {8201260D-30A8-4D26-B6F8-79F5CD514B61}
	EndGlobalSection
EndGlobal
